
Microsoft Visual Studio Solution File, Format Version 12.00
# Visual Studio Version 17
VisualStudioVersion = 17.6.33801.468
MinimumVisualStudioVersion = 10.0.40219.1
Project("{FAE04EC0-301F-11D3-BF4B-00C04F79EFBC}") = "NUnitDemo", "NUnitDemo.csproj", "{62FDCEEB-2EE0-450C-BF03-A645AC9F75CE}"
EndProject
Global
	GlobalSection(SolutionConfigurationPlatforms) = preSolution
		Debug|Any CPU = Debug|Any CPU
		Release|Any CPU = Release|Any CPU
	EndGlobalSection
	GlobalSection(ProjectConfigurationPlatforms) = postSolution
		{62FDCEEB-2EE0-450C-BF03-A645AC9F75CE}.Debug|Any CPU.ActiveCfg = Debug|Any CPU
		{62FDCEEB-2EE0-450C-BF03-A645AC9F75CE}.Debug|Any CPU.Build.0 = Debug|Any CPU
		{62FDCEEB-2EE0-450C-BF03-A645AC9F75CE}.Release|Any CPU.ActiveCfg = Release|Any CPU
		{62FDCEEB-2EE0-450C-BF03-A645AC9F75CE}.Release|Any CPU.Build.0 = Release|Any CPU
	EndGlobalSection
	GlobalSection(SolutionProperties) = preSolution
		HideSolutionNode = FALSE
	EndGlobalSection
	GlobalSection(ExtensibilityGlobals) = postSolution
		SolutionGuid = {24E873C4-F415-4864-93CB-D6BE582536A3}
	EndGlobalSection
EndGlobal
